
Microsoft Visual Studio Solution File, Format Version 12.00
# Visual Studio Version 17
VisualStudioVersion = 17.6.33815.320
MinimumVisualStudioVersion = 10.0.40219.1
Project("{9A19103F-16F7-4668-BE54-9A1E7A4F7556}") = "HipHopPizza_ServerSide", "HipHopPizza_ServerSide.csproj", "{585D45CA-27D5-4EFB-8090-3335244854CC}"
EndProject
Global
	GlobalSection(SolutionConfigurationPlatforms) = preSolution
		Debug|Any CPU = Debug|Any CPU
		Release|Any CPU = Release|Any CPU
	EndGlobalSection
	GlobalSection(ProjectConfigurationPlatforms) = postSolution
		{585D45CA-27D5-4EFB-8090-3335244854CC}.Debug|Any CPU.ActiveCfg = Debug|Any CPU
		{585D45CA-27D5-4EFB-8090-3335244854CC}.Debug|Any CPU.Build.0 = Debug|Any CPU
		{585D45CA-27D5-4EFB-8090-3335244854CC}.Release|Any CPU.ActiveCfg = Release|Any CPU
		{585D45CA-27D5-4EFB-8090-3335244854CC}.Release|Any CPU.Build.0 = Release|Any CPU
	EndGlobalSection
	GlobalSection(SolutionProperties) = preSolution
		HideSolutionNode = FALSE
	EndGlobalSection
	GlobalSection(ExtensibilityGlobals) = postSolution
		SolutionGuid = {5981D9B5-99D5-4AEB-8DD0-125F7581EF0C}
	EndGlobalSection
EndGlobal
